
Microsoft Visual Studio Solution File, Format Version 12.00
# Visual Studio Version 16
VisualStudioVersion = 16.0.30204.135
MinimumVisualStudioVersion = 10.0.40219.1
Project("{FAE04EC0-301F-11D3-BF4B-00C04F79EFBC}") = "ZipLengthTester", "ZipLengthTester\ZipLengthTester.csproj", "{5A20CC24-CB3C-4FCF-9970-602F26F8FFC4}"
EndProject
Global
	GlobalSection(SolutionConfigurationPlatforms) = preSolution
		Debug|Any CPU = Debug|Any CPU
		Release|Any CPU = Release|Any CPU
	EndGlobalSection
	GlobalSection(ProjectConfigurationPlatforms) = postSolution
		{5A20CC24-CB3C-4FCF-9970-602F26F8FFC4}.Debug|Any CPU.ActiveCfg = Debug|Any CPU
		{5A20CC24-CB3C-4FCF-9970-602F26F8FFC4}.Debug|Any CPU.Build.0 = Debug|Any CPU
		{5A20CC24-CB3C-4FCF-9970-602F26F8FFC4}.Release|Any CPU.ActiveCfg = Release|Any CPU
		{5A20CC24-CB3C-4FCF-9970-602F26F8FFC4}.Release|Any CPU.Build.0 = Release|Any CPU
	EndGlobalSection
	GlobalSection(SolutionProperties) = preSolution
		HideSolutionNode = FALSE
	EndGlobalSection
	GlobalSection(ExtensibilityGlobals) = postSolution
		SolutionGuid = {1133DDCE-F6A3-43C0-84B4-D549BEA983D4}
	EndGlobalSection
EndGlobal
